
Microsoft Visual Studio Solution File, Format Version 12.00
# Visual Studio Version 16
VisualStudioVersion = 16.0.29403.142
MinimumVisualStudioVersion = 10.0.40219.1
Project("{FAE04EC0-301F-11D3-BF4B-00C04F79EFBC}") = "Rail Bag Simulation", "Rail Bag Simulation\Rail Bag Simulation.csproj", "{866CD24C-C971-49B4-BC15-FEBBF7C3996B}"
EndProject
Global
	GlobalSection(SolutionConfigurationPlatforms) = preSolution
		Debug|Any CPU = Debug|Any CPU
		Release|Any CPU = Release|Any CPU
	EndGlobalSection
	GlobalSection(ProjectConfigurationPlatforms) = postSolution
		{866CD24C-C971-49B4-BC15-FEBBF7C3996B}.Debug|Any CPU.ActiveCfg = Debug|Any CPU
		{866CD24C-C971-49B4-BC15-FEBBF7C3996B}.Debug|Any CPU.Build.0 = Debug|Any CPU
		{866CD24C-C971-49B4-BC15-FEBBF7C3996B}.Release|Any CPU.ActiveCfg = Release|Any CPU
		{866CD24C-C971-49B4-BC15-FEBBF7C3996B}.Release|Any CPU.Build.0 = Release|Any CPU
	EndGlobalSection
	GlobalSection(SolutionProperties) = preSolution
		HideSolutionNode = FALSE
	EndGlobalSection
	GlobalSection(ExtensibilityGlobals) = postSolution
		SolutionGuid = {6D41E69C-3900-4EAF-8FB3-A7C3203DA6AD}
	EndGlobalSection
EndGlobal
