
Microsoft Visual Studio Solution File, Format Version 12.00
# Visual Studio Version 16
VisualStudioVersion = 16.0.29306.81
MinimumVisualStudioVersion = 10.0.40219.1
Project("{FAE04EC0-301F-11D3-BF4B-00C04F79EFBC}") = "Rail Bag Simulation", "Rail Bag Simulation\Rail Bag Simulation.csproj", "{7A4F3A91-FB15-4D56-A799-ADB9C1F649F4}"
EndProject
Project("{9A19103F-16F7-4668-BE54-9A1E7A4F7556}") = "Simulation Unit Tests", "Simulation Unit Tests\Simulation Unit Tests.csproj", "{2EF69781-F6FD-4AB3-9049-C4A45F25EFDC}"
EndProject
Global
	GlobalSection(SolutionConfigurationPlatforms) = preSolution
		Debug|Any CPU = Debug|Any CPU
		Release|Any CPU = Release|Any CPU
	EndGlobalSection
	GlobalSection(ProjectConfigurationPlatforms) = postSolution
		{7A4F3A91-FB15-4D56-A799-ADB9C1F649F4}.Debug|Any CPU.ActiveCfg = Debug|Any CPU
		{7A4F3A91-FB15-4D56-A799-ADB9C1F649F4}.Debug|Any CPU.Build.0 = Debug|Any CPU
		{7A4F3A91-FB15-4D56-A799-ADB9C1F649F4}.Release|Any CPU.ActiveCfg = Release|Any CPU
		{7A4F3A91-FB15-4D56-A799-ADB9C1F649F4}.Release|Any CPU.Build.0 = Release|Any CPU
		{2EF69781-F6FD-4AB3-9049-C4A45F25EFDC}.Debug|Any CPU.ActiveCfg = Debug|Any CPU
		{2EF69781-F6FD-4AB3-9049-C4A45F25EFDC}.Debug|Any CPU.Build.0 = Debug|Any CPU
		{2EF69781-F6FD-4AB3-9049-C4A45F25EFDC}.Release|Any CPU.ActiveCfg = Release|Any CPU
		{2EF69781-F6FD-4AB3-9049-C4A45F25EFDC}.Release|Any CPU.Build.0 = Release|Any CPU
	EndGlobalSection
	GlobalSection(SolutionProperties) = preSolution
		HideSolutionNode = FALSE
	EndGlobalSection
	GlobalSection(ExtensibilityGlobals) = postSolution
		SolutionGuid = {16C92009-8C04-4409-926B-B41E0BA1FAB3}
	EndGlobalSection
EndGlobal
